
Microsoft Visual Studio Solution File, Format Version 12.00
# Visual Studio Version 17
VisualStudioVersion = 17.7.34024.191
MinimumVisualStudioVersion = 10.0.40219.1
Project("{9A19103F-16F7-4668-BE54-9A1E7A4F7556}") = "LinearBI.Metadata", "LinearBI.Metadata\LinearBI.Metadata.csproj", "{1E310612-1FC5-4142-B2DC-FEAA4305CD26}"
EndProject
Project("{9A19103F-16F7-4668-BE54-9A1E7A4F7556}") = "LinearBI.Tests", "LinearBI.Tests\LinearBI.Tests.csproj", "{2A73A434-F23B-40F5-805A-E66652B26605}"
EndProject
Project("{9A19103F-16F7-4668-BE54-9A1E7A4F7556}") = "BIEngine", "BIEngine\BIEngine.csproj", "{C3089678-6DB3-4AF9-9A80-F6F1F9DC3362}"
EndProject
Project("{FAE04EC0-301F-11D3-BF4B-00C04F79EFBC}") = "LinearBI.WebServer", "LinearBI.WebServer\LinearBI.WebServer.csproj", "{7B1FBE12-427D-4E63-9486-495D5F1113A7}"
EndProject
Global
	GlobalSection(SolutionConfigurationPlatforms) = preSolution
		Debug|Any CPU = Debug|Any CPU
		Release|Any CPU = Release|Any CPU
	EndGlobalSection
	GlobalSection(ProjectConfigurationPlatforms) = postSolution
		{1E310612-1FC5-4142-B2DC-FEAA4305CD26}.Debug|Any CPU.ActiveCfg = Debug|Any CPU
		{1E310612-1FC5-4142-B2DC-FEAA4305CD26}.Debug|Any CPU.Build.0 = Debug|Any CPU
		{1E310612-1FC5-4142-B2DC-FEAA4305CD26}.Release|Any CPU.ActiveCfg = Release|Any CPU
		{1E310612-1FC5-4142-B2DC-FEAA4305CD26}.Release|Any CPU.Build.0 = Release|Any CPU
		{2A73A434-F23B-40F5-805A-E66652B26605}.Debug|Any CPU.ActiveCfg = Debug|Any CPU
		{2A73A434-F23B-40F5-805A-E66652B26605}.Debug|Any CPU.Build.0 = Debug|Any CPU
		{2A73A434-F23B-40F5-805A-E66652B26605}.Release|Any CPU.ActiveCfg = Release|Any CPU
		{2A73A434-F23B-40F5-805A-E66652B26605}.Release|Any CPU.Build.0 = Release|Any CPU
		{C3089678-6DB3-4AF9-9A80-F6F1F9DC3362}.Debug|Any CPU.ActiveCfg = Debug|Any CPU
		{C3089678-6DB3-4AF9-9A80-F6F1F9DC3362}.Debug|Any CPU.Build.0 = Debug|Any CPU
		{C3089678-6DB3-4AF9-9A80-F6F1F9DC3362}.Release|Any CPU.ActiveCfg = Release|Any CPU
		{C3089678-6DB3-4AF9-9A80-F6F1F9DC3362}.Release|Any CPU.Build.0 = Release|Any CPU
		{7B1FBE12-427D-4E63-9486-495D5F1113A7}.Debug|Any CPU.ActiveCfg = Debug|Any CPU
		{7B1FBE12-427D-4E63-9486-495D5F1113A7}.Debug|Any CPU.Build.0 = Debug|Any CPU
		{7B1FBE12-427D-4E63-9486-495D5F1113A7}.Release|Any CPU.ActiveCfg = Release|Any CPU
		{7B1FBE12-427D-4E63-9486-495D5F1113A7}.Release|Any CPU.Build.0 = Release|Any CPU
	EndGlobalSection
	GlobalSection(SolutionProperties) = preSolution
		HideSolutionNode = FALSE
	EndGlobalSection
	GlobalSection(ExtensibilityGlobals) = postSolution
		SolutionGuid = {603D9119-A03D-4F04-AAD1-D0F645AAAE85}
	EndGlobalSection
EndGlobal
